{
  "name": "come-on-doctor",
  "version": "3.4.2",
  "lockfileVersion": 1,
  "requires": true,
  "dependencies": {
    "xstate": {
      "version": "4.31.0",
      "resolved": "https://registry.npmmirror.com/xstate/-/xstate-4.31.0.tgz",
      "integrity": "sha512-UK5m6OqUsTlPuKWkfRR5cR9/Yt7sysFyEg+PVIbEH9mwHSf9zuCvWO7rRvhBq7T+3pEXLKTEMfaqmLxl9Ob1pw=="
    }
  }
}
